
Microsoft Visual Studio Solution File, Format Version 12.00
# Visual Studio Version 17
VisualStudioVersion = 17.13.35919.96 d17.13
MinimumVisualStudioVersion = 10.0.40219.1
Project("{FAE04EC0-301F-11D3-BF4B-00C04F79EFBC}") = "CoreMVCIntro_2", "CoreMVCIntro_2\CoreMVCIntro_2.csproj", "{832CF7B3-904B-4F35-AC81-8C028511820A}"
EndProject
Global
	GlobalSection(SolutionConfigurationPlatforms) = preSolution
		Debug|Any CPU = Debug|Any CPU
		Release|Any CPU = Release|Any CPU
	EndGlobalSection
	GlobalSection(ProjectConfigurationPlatforms) = postSolution
		{832CF7B3-904B-4F35-AC81-8C028511820A}.Debug|Any CPU.ActiveCfg = Debug|Any CPU
		{832CF7B3-904B-4F35-AC81-8C028511820A}.Debug|Any CPU.Build.0 = Debug|Any CPU
		{832CF7B3-904B-4F35-AC81-8C028511820A}.Release|Any CPU.ActiveCfg = Release|Any CPU
		{832CF7B3-904B-4F35-AC81-8C028511820A}.Release|Any CPU.Build.0 = Release|Any CPU
	EndGlobalSection
	GlobalSection(SolutionProperties) = preSolution
		HideSolutionNode = FALSE
	EndGlobalSection
	GlobalSection(ExtensibilityGlobals) = postSolution
		SolutionGuid = {C5A336D8-6789-4D1A-9059-3C5C28C449E4}
	EndGlobalSection
EndGlobal
